// !$*UTF8*$!
{
	archiveVersion = 1;
	classes = {
	};
	objectVersion = 50;
	objects = {

/* Begin PBXBuildFile section */
		2F4F44FA262E94EF0061AC9F /* AppDelegate.swift in Sources */ = {isa = PBXBuildFile; fileRef = 2F4F44F9262E94EF0061AC9F /* AppDelegate.swift */; };
		2F4F44FC262E94EF0061AC9F /* SceneDelegate.swift in Sources */ = {isa = PBXBuildFile; fileRef = 2F4F44FB262E94EF0061AC9F /* SceneDelegate.swift */; };
		2F4F44FE262E94EF0061AC9F /* ViewController.swift in Sources */ = {isa = PBXBuildFile; fileRef = 2F4F44FD262E94EF0061AC9F /* ViewController.swift */; };
		2F4F4501262E94EF0061AC9F /* Main.storyboard in Resources */ = {isa = PBXBuildFile; fileRef = 2F4F44FF262E94EF0061AC9F /* Main.storyboard */; };
		2F4F4503262E94F10061AC9F /* Assets.xcassets in Resources */ = {isa = PBXBuildFile; fileRef = 2F4F4502262E94F10061AC9F /* Assets.xcassets */; };
		2F4F4506262E94F10061AC9F /* LaunchScreen.storyboard in Resources */ = {isa = PBXBuildFile; fileRef = 2F4F4504262E94F10061AC9F /* LaunchScreen.storyboard */; };
		2F4F4511262E94F10061AC9F /* _09598048_Midterm_HomeworkTests.swift in Sources */ = {isa = PBXBuildFile; fileRef = 2F4F4510262E94F10061AC9F /* _09598048_Midterm_HomeworkTests.swift */; };
		2F4F451C262E94F10061AC9F /* _09598048_Midterm_HomeworkUITests.swift in Sources */ = {isa = PBXBuildFile; fileRef = 2F4F451B262E94F10061AC9F /* _09598048_Midterm_HomeworkUITests.swift */; };
		2FD4F91326301BA3000BC200 /* Model.swift in Sources */ = {isa = PBXBuildFile; fileRef = 2FD4F91226301BA3000BC200 /* Model.swift */; };
		2FD4F93026301C15000BC200 /* Control.swift in Sources */ = {isa = PBXBuildFile; fileRef = 2FD4F92F26301C15000BC200 /* Control.swift */; };
		2FD4F93826301CF8000BC200 /* view-MVC.swift in Sources */ = {isa = PBXBuildFile; fileRef = 2FD4F93726301CF8000BC200 /* view-MVC.swift */; };
/* End PBXBuildFile section */

/* Begin PBXContainerItemProxy section */
		2F4F450D262E94F10061AC9F /* PBXContainerItemProxy */ = {
			isa = PBXContainerItemProxy;
			containerPortal = 2F4F44EE262E94EF0061AC9F /* Project object */;
			proxyType = 1;
			remoteGlobalIDString = 2F4F44F5262E94EF0061AC9F;
			remoteInfo = 109598048_Midterm_Homework;
		};
		2F4F4518262E94F10061AC9F /* PBXContainerItemProxy */ = {
			isa = PBXContainerItemProxy;
			containerPortal = 2F4F44EE262E94EF0061AC9F /* Project object */;
			proxyType = 1;
			remoteGlobalIDString = 2F4F44F5262E94EF0061AC9F;
			remoteInfo = 109598048_Midterm_Homework;
		};
/* End PBXContainerItemProxy section */

/* Begin PBXFileReference section */
		2F4F44F6262E94EF0061AC9F /* 109598048_Midterm_Homework.app */ = {isa = PBXFileReference; explicitFileType = wrapper.application; includeInIndex = 0; path = 109598048_Midterm_Homework.app; sourceTree = BUILT_PRODUCTS_DIR; };
		2F4F44F9262E94EF0061AC9F /* AppDelegate.swift */ = {isa = PBXFileReference; lastKnownFileType = sourcecode.swift; path = AppDelegate.swift; sourceTree = "<group>"; };
		2F4F44FB262E94EF0061AC9F /* SceneDelegate.swift */ = {isa = PBXFileReference; lastKnownFileType = sourcecode.swift; path = SceneDelegate.swift; sourceTree = "<group>"; };
		2F4F44FD262E94EF0061AC9F /* ViewController.swift */ = {isa = PBXFileReference; lastKnownFileType = sourcecode.swift; path = ViewController.swift; sourceTree = "<group>"; };
		2F4F4500262E94EF0061AC9F /* Base */ = {isa = PBXFileReference; lastKnownFileType = file.storyboard; name = Base; path = Base.lproj/Main.storyboard; sourceTree = "<group>"; };
		2F4F4502262E94F10061AC9F /* Assets.xcassets */ = {isa = PBXFileReference; lastKnownFileType = folder.assetcatalog; path = Assets.xcassets; sourceTree = "<group>"; };
		2F4F4505262E94F10061AC9F /* Base */ = {isa = PBXFileReference; lastKnownFileType = file.storyboard; name = Base; path = Base.lproj/LaunchScreen.storyboard; sourceTree = "<group>"; };
		2F4F4507262E94F10061AC9F /* Info.plist */ = {isa = PBXFileReference; lastKnownFileType = text.plist.xml; path = Info.plist; sourceTree = "<group>"; };
		2F4F450C262E94F10061AC9F /* 109598048_Midterm_HomeworkTests.xctest */ = {isa = PBXFileReference; explicitFileType = wrapper.cfbundle; includeInIndex = 0; path = 109598048_Midterm_HomeworkTests.xctest; sourceTree = BUILT_PRODUCTS_DIR; };
		2F4F4510262E94F10061AC9F /* _09598048_Midterm_HomeworkTests.swift */ = {isa = PBXFileReference; lastKnownFileType = sourcecode.swift; path = _09598048_Midterm_HomeworkTests.swift; sourceTree = "<group>"; };
		2F4F4512262E94F10061AC9F /* Info.plist */ = {isa = PBXFileReference; lastKnownFileType = text.plist.xml; path = Info.plist; sourceTree = "<group>"; };
		2F4F4517262E94F10061AC9F /* 109598048_Midterm_HomeworkUITests.xctest */ = {isa = PBXFileReference; explicitFileType = wrapper.cfbundle; includeInIndex = 0; path = 109598048_Midterm_HomeworkUITests.xctest; sourceTree = BUILT_PRODUCTS_DIR; };
		2F4F451B262E94F10061AC9F /* _09598048_Midterm_HomeworkUITests.swift */ = {isa = PBXFileReference; lastKnownFileType = sourcecode.swift; path = _09598048_Midterm_HomeworkUITests.swift; sourceTree = "<group>"; };
		2F4F451D262E94F10061AC9F /* Info.plist */ = {isa = PBXFileReference; lastKnownFileType = text.plist.xml; path = Info.plist; sourceTree = "<group>"; };
		2FD4F91226301BA3000BC200 /* Model.swift */ = {isa = PBXFileReference; lastKnownFileType = sourcecode.swift; path = Model.swift; sourceTree = "<group>"; };
		2FD4F92F26301C15000BC200 /* Control.swift */ = {isa = PBXFileReference; lastKnownFileType = sourcecode.swift; path = Control.swift; sourceTree = "<group>"; };
		2FD4F93726301CF8000BC200 /* view-MVC.swift */ = {isa = PBXFileReference; lastKnownFileType = sourcecode.swift; path = "view-MVC.swift"; sourceTree = "<group>"; };
/* End PBXFileReference section */

/* Begin PBXFrameworksBuildPhase section */
		2F4F44F3262E94EF0061AC9F /* Frameworks */ = {
			isa = PBXFrameworksBuildPhase;
			buildActionMask = 2147483647;
			files = (
			);
			runOnlyForDeploymentPostprocessing = 0;
		};
		2F4F4509262E94F10061AC9F /* Frameworks */ = {
			isa = PBXFrameworksBuildPhase;
			buildActionMask = 2147483647;
			files = (
			);
			runOnlyForDeploymentPostprocessing = 0;
		};
		2F4F4514262E94F10061AC9F /* Frameworks */ = {
			isa = PBXFrameworksBuildPhase;
			buildActionMask = 2147483647;
			files = (
			);
			runOnlyForDeploymentPostprocessing = 0;
		};
/* End PBXFrameworksBuildPhase section */

/* Begin PBXGroup section */
		2F4F44ED262E94EF0061AC9F = {
			isa = PBXGroup;
			children = (
				2F4F44F8262E94EF0061AC9F /* 109598048_Midterm_Homework */,
				2F4F450F262E94F10061AC9F /* 109598048_Midterm_HomeworkTests */,
				2F4F451A262E94F10061AC9F /* 109598048_Midterm_HomeworkUITests */,
				2F4F44F7262E94EF0061AC9F /* Products */,
			);
			sourceTree = "<group>";
		};
		2F4F44F7262E94EF0061AC9F /* Products */ = {
			isa = PBXGroup;
			children = (
				2F4F44F6262E94EF0061AC9F /* 109598048_Midterm_Homework.app */,
				2F4F450C262E94F10061AC9F /* 109598048_Midterm_HomeworkTests.xctest */,
				2F4F4517262E94F10061AC9F /* 109598048_Midterm_HomeworkUITests.xctest */,
			);
			name = Products;
			sourceTree = "<group>";
		};
		2F4F44F8262E94EF0061AC9F /* 109598048_Midterm_Homework */ = {
			isa = PBXGroup;
			children = (
				2F4F44F9262E94EF0061AC9F /* AppDelegate.swift */,
				2F4F44FB262E94EF0061AC9F /* SceneDelegate.swift */,
				2F4F44FD262E94EF0061AC9F /* ViewController.swift */,
				2F4F44FF262E94EF0061AC9F /* Main.storyboard */,
				2F4F4502262E94F10061AC9F /* Assets.xcassets */,
				2F4F4504262E94F10061AC9F /* LaunchScreen.storyboard */,
				2F4F4507262E94F10061AC9F /* Info.plist */,
				2FD4F91226301BA3000BC200 /* Model.swift */,
				2FD4F92F26301C15000BC200 /* Control.swift */,
				2FD4F93726301CF8000BC200 /* view-MVC.swift */,
			);
			path = 109598048_Midterm_Homework;
			sourceTree = "<group>";
		};
		2F4F450F262E94F10061AC9F /* 109598048_Midterm_HomeworkTests */ = {
			isa = PBXGroup;
			children = (
				2F4F4510262E94F10061AC9F /* _09598048_Midterm_HomeworkTests.swift */,
				2F4F4512262E94F10061AC9F /* Info.plist */,
			);
			path = 109598048_Midterm_HomeworkTests;
			sourceTree = "<group>";
		};
		2F4F451A262E94F10061AC9F /* 109598048_Midterm_HomeworkUITests */ = {
			isa = PBXGroup;
			children = (
				2F4F451B262E94F10061AC9F /* _09598048_Midterm_HomeworkUITests.swift */,
				2F4F451D262E94F10061AC9F /* Info.plist */,
			);
			path = 109598048_Midterm_HomeworkUITests;
			sourceTree = "<group>";
		};
/* End PBXGroup section */

/* Begin PBXNativeTarget section */
		2F4F44F5262E94EF0061AC9F /* 109598048_Midterm_Homework */ = {
			isa = PBXNativeTarget;
			buildConfigurationList = 2F4F4520262E94F10061AC9F /* Build configuration list for PBXNativeTarget "109598048_Midterm_Homework" */;
			buildPhases = (
				2F4F44F2262E94EF0061AC9F /* Sources */,
				2F4F44F3262E94EF0061AC9F /* Frameworks */,
				2F4F44F4262E94EF0061AC9F /* Resources */,
			);
			buildRules = (
			);
			dependencies = (
			);
			name = 109598048_Midterm_Homework;
			productName = 109598048_Midterm_Homework;
			productReference = 2F4F44F6262E94EF0061AC9F /* 109598048_Midterm_Homework.app */;
			productType = "com.apple.product-type.application";
		};
		2F4F450B262E94F10061AC9F /* 109598048_Midterm_HomeworkTests */ = {
			isa = PBXNativeTarget;
			buildConfigurationList = 2F4F4523262E94F10061AC9F /* Build configuration list for PBXNativeTarget "109598048_Midterm_HomeworkTests" */;
			buildPhases = (
				2F4F4508262E94F10061AC9F /* Sources */,
				2F4F4509262E94F10061AC9F /* Frameworks */,
				2F4F450A262E94F10061AC9F /* Resources */,
			);
			buildRules = (
			);
			dependencies = (
				2F4F450E262E94F10061AC9F /* PBXTargetDependency */,
			);
			name = 109598048_Midterm_HomeworkTests;
			productName = 109598048_Midterm_HomeworkTests;
			productReference = 2F4F450C262E94F10061AC9F /* 109598048_Midterm_HomeworkTests.xctest */;
			productType = "com.apple.product-type.bundle.unit-test";
		};
		2F4F4516262E94F10061AC9F /* 109598048_Midterm_HomeworkUITests */ = {
			isa = PBXNativeTarget;
			buildConfigurationList = 2F4F4526262E94F10061AC9F /* Build configuration list for PBXNativeTarget "109598048_Midterm_HomeworkUITests" */;
			buildPhases = (
				2F4F4513262E94F10061AC9F /* Sources */,
				2F4F4514262E94F10061AC9F /* Frameworks */,
				2F4F4515262E94F10061AC9F /* Resources */,
			);
			buildRules = (
			);
			dependencies = (
				2F4F4519262E94F10061AC9F /* PBXTargetDependency */,
			);
			name = 109598048_Midterm_HomeworkUITests;
			productName = 109598048_Midterm_HomeworkUITests;
			productReference = 2F4F4517262E94F10061AC9F /* 109598048_Midterm_HomeworkUITests.xctest */;
			productType = "com.apple.product-type.bundle.ui-testing";
		};
/* End PBXNativeTarget section */

/* Begin PBXProject section */
		2F4F44EE262E94EF0061AC9F /* Project object */ = {
			isa = PBXProject;
			attributes = {
				LastSwiftUpdateCheck = 1240;
				LastUpgradeCheck = 1240;
				TargetAttributes = {
					2F4F44F5262E94EF0061AC9F = {
						CreatedOnToolsVersion = 12.4;
					};
					2F4F450B262E94F10061AC9F = {
						CreatedOnToolsVersion = 12.4;
						TestTargetID = 2F4F44F5262E94EF0061AC9F;
					};
					2F4F4516262E94F10061AC9F = {
						CreatedOnToolsVersion = 12.4;
						TestTargetID = 2F4F44F5262E94EF0061AC9F;
					};
				};
			};
			buildConfigurationList = 2F4F44F1262E94EF0061AC9F /* Build configuration list for PBXProject "109598048_Midterm_Homework" */;
			compatibilityVersion = "Xcode 9.3";
			developmentRegion = en;
			hasScannedForEncodings = 0;
			knownRegions = (
				en,
				Base,
			);
			mainGroup = 2F4F44ED262E94EF0061AC9F;
			productRefGroup = 2F4F44F7262E94EF0061AC9F /* Products */;
			projectDirPath = "";
			projectRoot = "";
			targets = (
				2F4F44F5262E94EF0061AC9F /* 109598048_Midterm_Homework */,
				2F4F450B262E94F10061AC9F /* 109598048_Midterm_HomeworkTests */,
				2F4F4516262E94F10061AC9F /* 109598048_Midterm_HomeworkUITests */,
			);
		};
/* End PBXProject section */

/* Begin PBXResourcesBuildPhase section */
		2F4F44F4262E94EF0061AC9F /* Resources */ = {
			isa = PBXResourcesBuildPhase;
			buildActionMask = 2147483647;
			files = (
				2F4F4506262E94F10061AC9F /* LaunchScreen.storyboard in Resources */,
				2F4F4503262E94F10061AC9F /* Assets.xcassets in Resources */,
				2F4F4501262E94EF0061AC9F /* Main.storyboard in Resources */,
			);
			runOnlyForDeploymentPostprocessing = 0;
		};
		2F4F450A262E94F10061AC9F /* Resources */ = {
			isa = PBXResourcesBuildPhase;
			buildActionMask = 2147483647;
			files = (
			);
			runOnlyForDeploymentPostprocessing = 0;
		};
		2F4F4515262E94F10061AC9F /* Resources */ = {
			isa = PBXResourcesBuildPhase;
			buildActionMask = 2147483647;
			files = (
			);
			runOnlyForDeploymentPostprocessing = 0;
		};
/* End PBXResourcesBuildPhase section */

/* Begin PBXSourcesBuildPhase section */
		2F4F44F2262E94EF0061AC9F /* Sources */ = {
			isa = PBXSourcesBuildPhase;
			buildActionMask = 2147483647;
			files = (
				2FD4F91326301BA3000BC200 /* Model.swift in Sources */,
				2FD4F93826301CF8000BC200 /* view-MVC.swift in Sources */,
				2F4F44FE262E94EF0061AC9F /* ViewController.swift in Sources */,
				2F4F44FA262E94EF0061AC9F /* AppDelegate.swift in Sources */,
				2F4F44FC262E94EF0061AC9F /* SceneDelegate.swift in Sources */,
				2FD4F93026301C15000BC200 /* Control.swift in Sources */,
			);
			runOnlyForDeploymentPostprocessing = 0;
		};
		2F4F4508262E94F10061AC9F /* Sources */ = {
			isa = PBXSourcesBuildPhase;
			buildActionMask = 2147483647;
			files = (
				2F4F4511262E94F10061AC9F /* _09598048_Midterm_HomeworkTests.swift in Sources */,
			);
			runOnlyForDeploymentPostprocessing = 0;
		};
		2F4F4513262E94F10061AC9F /* Sources */ = {
			isa = PBXSourcesBuildPhase;
			buildActionMask = 2147483647;
			files = (
				2F4F451C262E94F10061AC9F /* _09598048_Midterm_HomeworkUITests.swift in Sources */,
			);
			runOnlyForDeploymentPostprocessing = 0;
		};
/* End PBXSourcesBuildPhase section */

/* Begin PBXTargetDependency section */
		2F4F450E262E94F10061AC9F /* PBXTargetDependency */ = {
			isa = PBXTargetDependency;
			target = 2F4F44F5262E94EF0061AC9F /* 109598048_Midterm_Homework */;
			targetProxy = 2F4F450D262E94F10061AC9F /* PBXContainerItemProxy */;
		};
		2F4F4519262E94F10061AC9F /* PBXTargetDependency */ = {
			isa = PBXTargetDependency;
			target = 2F4F44F5262E94EF0061AC9F /* 109598048_Midterm_Homework */;
			targetProxy = 2F4F4518262E94F10061AC9F /* PBXContainerItemProxy */;
		};
/* End PBXTargetDependency section */

/* Begin PBXVariantGroup section */
		2F4F44FF262E94EF0061AC9F /* Main.storyboard */ = {
			isa = PBXVariantGroup;
			children = (
				2F4F4500262E94EF0061AC9F /* Base */,
			);
			name = Main.storyboard;
			sourceTree = "<group>";
		};
		2F4F4504262E94F10061AC9F /* LaunchScreen.storyboard */ = {
			isa = PBXVariantGroup;
			children = (
				2F4F4505262E94F10061AC9F /* Base */,
			);
			name = LaunchScreen.storyboard;
			sourceTree = "<group>";
		};
/* End PBXVariantGroup section */

/* Begin XCBuildConfiguration section */
		2F4F451E262E94F10061AC9F /* Debug */ = {
			isa = XCBuildConfiguration;
			buildSettings = {
				ALWAYS_SEARCH_USER_PATHS = NO;
				CLANG_ANALYZER_NONNULL = YES;
				CLANG_ANALYZER_NUMBER_OBJECT_CONVERSION = YES_AGGRESSIVE;
				CLANG_CXX_LANGUAGE_STANDARD = "gnu++14";
				CLANG_CXX_LIBRARY = "libc++";
				CLANG_ENABLE_MODULES = YES;
				CLANG_ENABLE_OBJC_ARC = YES;
				CLANG_ENABLE_OBJC_WEAK = YES;
				CLANG_WARN_BLOCK_CAPTURE_AUTORELEASING = YES;
				CLANG_WARN_BOOL_CONVERSION = YES;
				CLANG_WARN_COMMA = YES;
				CLANG_WARN_CONSTANT_CONVERSION = YES;
				CLANG_WARN_DEPRECATED_OBJC_IMPLEMENTATIONS = YES;
				CLANG_WARN_DIRECT_OBJC_ISA_USAGE = YES_ERROR;
				CLANG_WARN_DOCUMENTATION_COMMENTS = YES;
				CLANG_WARN_EMPTY_BODY = YES;
				CLANG_WARN_ENUM_CONVERSION = YES;
				CLANG_WARN_INFINITE_RECURSION = YES;
				CLANG_WARN_INT_CONVERSION = YES;
				CLANG_WARN_NON_LITERAL_NULL_CONVERSION = YES;
				CLANG_WARN_OBJC_IMPLICIT_RETAIN_SELF = YES;
				CLANG_WARN_OBJC_LITERAL_CONVERSION = YES;
				CLANG_WARN_OBJC_ROOT_CLASS = YES_ERROR;
				CLANG_WARN_QUOTED_INCLUDE_IN_FRAMEWORK_HEADER = YES;
				CLANG_WARN_RANGE_LOOP_ANALYSIS = YES;
				CLANG_WARN_STRICT_PROTOTYPES = YES;
				CLANG_WARN_SUSPICIOUS_MOVE = YES;
				CLANG_WARN_UNGUARDED_AVAILABILITY = YES_AGGRESSIVE;
				CLANG_WARN_UNREACHABLE_CODE = YES;
				CLANG_WARN__DUPLICATE_METHOD_MATCH = YES;
				COPY_PHASE_STRIP = NO;
				DEBUG_INFORMATION_FORMAT = dwarf;
				ENABLE_STRICT_OBJC_MSGSEND = YES;
				ENABLE_TESTABILITY = YES;
				GCC_C_LANGUAGE_STANDARD = gnu11;
				GCC_DYNAMIC_NO_PIC = NO;
				GCC_NO_COMMON_BLOCKS = YES;
				GCC_OPTIMIZATION_LEVEL = 0;
				GCC_PREPROCESSOR_DEFINITIONS = (
					"DEBUG=1",
					"$(inherited)",
				);
				GCC_WARN_64_TO_32_BIT_CONVERSION = YES;
				GCC_WARN_ABOUT_RETURN_TYPE = YES_ERROR;
				GCC_WARN_UNDECLARED_SELECTOR = YES;
				GCC_WARN_UNINITIALIZED_AUTOS = YES_AGGRESSIVE;
				GCC_WARN_UNUSED_FUNCTION = YES;
				GCC_WARN_UNUSED_VARIABLE = YES;
				IPHONEOS_DEPLOYMENT_TARGET = 14.4;
				MTL_ENABLE_DEBUG_INFO = INCLUDE_SOURCE;
				MTL_FAST_MATH = YES;
				ONLY_ACTIVE_ARCH = YES;
				SDKROOT = iphoneos;
				SWIFT_ACTIVE_COMPILATION_CONDITIONS = DEBUG;
				SWIFT_OPTIMIZATION_LEVEL = "-Onone";
			};
			name = Debug;
		};
		2F4F451F262E94F10061AC9F /* Release */ = {
			isa = XCBuildConfiguration;
			buildSettings = {
				ALWAYS_SEARCH_USER_PATHS = NO;
				CLANG_ANALYZER_NONNULL = YES;
				CLANG_ANALYZER_NUMBER_OBJECT_CONVERSION = YES_AGGRESSIVE;
				CLANG_CXX_LANGUAGE_STANDARD = "gnu++14";
				CLANG_CXX_LIBRARY = "libc++";
				CLANG_ENABLE_MODULES = YES;
				CLANG_ENABLE_OBJC_ARC = YES;
				CLANG_ENABLE_OBJC_WEAK = YES;
				CLANG_WARN_BLOCK_CAPTURE_AUTORELEASING = YES;
				CLANG_WARN_BOOL_CONVERSION = YES;
				CLANG_WARN_COMMA = YES;
				CLANG_WARN_CONSTANT_CONVERSION = YES;
				CLANG_WARN_DEPRECATED_OBJC_IMPLEMENTATIONS = YES;
				CLANG_WARN_DIRECT_OBJC_ISA_USAGE = YES_ERROR;
				CLANG_WARN_DOCUMENTATION_COMMENTS = YES;
				CLANG_WARN_EMPTY_BODY = YES;
				CLANG_WARN_ENUM_CONVERSION = YES;
				CLANG_WARN_INFINITE_RECURSION = YES;
				CLANG_WARN_INT_CONVERSION = YES;
				CLANG_WARN_NON_LITERAL_NULL_CONVERSION = YES;
				CLANG_WARN_OBJC_IMPLICIT_RETAIN_SELF = YES;
				CLANG_WARN_OBJC_LITERAL_CONVERSION = YES;
				CLANG_WARN_OBJC_ROOT_CLASS = YES_ERROR;
				CLANG_WARN_QUOTED_INCLUDE_IN_FRAMEWORK_HEADER = YES;
				CLANG_WARN_RANGE_LOOP_ANALYSIS = YES;
				CLANG_WARN_STRICT_PROTOTYPES = YES;
				CLANG_WARN_SUSPICIOUS_MOVE = YES;
				CLANG_WARN_UNGUARDED_AVAILABILITY = YES_AGGRESSIVE;
				CLANG_WARN_UNREACHABLE_CODE = YES;
				CLANG_WARN__DUPLICATE_METHOD_MATCH = YES;
				COPY_PHASE_STRIP = NO;
				DEBUG_INFORMATION_FORMAT = "dwarf-with-dsym";
				ENABLE_NS_ASSERTIONS = NO;
				ENABLE_STRICT_OBJC_MSGSEND = YES;
				GCC_C_LANGUAGE_STANDARD = gnu11;
				GCC_NO_COMMON_BLOCKS = YES;
				GCC_WARN_64_TO_32_BIT_CONVERSION = YES;
				GCC_WARN_ABOUT_RETURN_TYPE = YES_ERROR;
				GCC_WARN_UNDECLARED_SELECTOR = YES;
				GCC_WARN_UNINITIALIZED_AUTOS = YES_AGGRESSIVE;
				GCC_WARN_UNUSED_FUNCTION = YES;
				GCC_WARN_UNUSED_VARIABLE = YES;
				IPHONEOS_DEPLOYMENT_TARGET = 14.4;
				MTL_ENABLE_DEBUG_INFO = NO;
				MTL_FAST_MATH = YES;
				SDKROOT = iphoneos;
				SWIFT_COMPILATION_MODE = wholemodule;
				SWIFT_OPTIMIZATION_LEVEL = "-O";
				VALIDATE_PRODUCT = YES;
			};
			name = Release;
		};
		2F4F4521262E94F10061AC9F /* Debug */ = {
			isa = XCBuildConfiguration;
			buildSettings = {
				ASSETCATALOG_COMPILER_APPICON_NAME = AppIcon;
				ASSETCATALOG_COMPILER_GLOBAL_ACCENT_COLOR_NAME = AccentColor;
				CODE_SIGN_STYLE = Automatic;
				INFOPLIST_FILE = 109598048_Midterm_Homework/Info.plist;
				LD_RUNPATH_SEARCH_PATHS = (
					"$(inherited)",
					"@executable_path/Frameworks",
				);
				PRODUCT_BUNDLE_IDENTIFIER = "com.example.-09598048-Midterm-Homework";
				PRODUCT_NAME = "$(TARGET_NAME)";
				SWIFT_VERSION = 5.0;
				TARGETED_DEVICE_FAMILY = "1,2";
			};
			name = Debug;
		};
		2F4F4522262E94F10061AC9F /* Release */ = {
			isa = XCBuildConfiguration;
			buildSettings = {
				ASSETCATALOG_COMPILER_APPICON_NAME = AppIcon;
				ASSETCATALOG_COMPILER_GLOBAL_ACCENT_COLOR_NAME = AccentColor;
				CODE_SIGN_STYLE = Automatic;
				INFOPLIST_FILE = 109598048_Midterm_Homework/Info.plist;
				LD_RUNPATH_SEARCH_PATHS = (
					"$(inherited)",
					"@executable_path/Frameworks",
				);
				PRODUCT_BUNDLE_IDENTIFIER = "com.example.-09598048-Midterm-Homework";
				PRODUCT_NAME = "$(TARGET_NAME)";
				SWIFT_VERSION = 5.0;
				TARGETED_DEVICE_FAMILY = "1,2";
			};
			name = Release;
		};
		2F4F4524262E94F10061AC9F /* Debug */ = {
			isa = XCBuildConfiguration;
			buildSettings = {
				ALWAYS_EMBED_SWIFT_STANDARD_LIBRARIES = YES;
				BUNDLE_LOADER = "$(TEST_HOST)";
				CODE_SIGN_STYLE = Automatic;
				INFOPLIST_FILE = 109598048_Midterm_HomeworkTests/Info.plist;
				IPHONEOS_DEPLOYMENT_TARGET = 14.4;
				LD_RUNPATH_SEARCH_PATHS = (
					"$(inherited)",
					"@executable_path/Frameworks",
					"@loader_path/Frameworks",
				);
				PRODUCT_BUNDLE_IDENTIFIER = "com.example.-09598048-Midterm-HomeworkTests";
				PRODUCT_NAME = "$(TARGET_NAME)";
				SWIFT_VERSION = 5.0;
				TARGETED_DEVICE_FAMILY = "1,2";
				TEST_HOST = "$(BUILT_PRODUCTS_DIR)/109598048_Midterm_Homework.app/109598048_Midterm_Homework";
			};
			name = Debug;
		};
		2F4F4525262E94F10061AC9F /* Release */ = {
			isa = XCBuildConfiguration;
			buildSettings = {
				ALWAYS_EMBED_SWIFT_STANDARD_LIBRARIES = YES;
				BUNDLE_LOADER = "$(TEST_HOST)";
				CODE_SIGN_STYLE = Automatic;
				INFOPLIST_FILE = 109598048_Midterm_HomeworkTests/Info.plist;
				IPHONEOS_DEPLOYMENT_TARGET = 14.4;
				LD_RUNPATH_SEARCH_PATHS = (
					"$(inherited)",
					"@executable_path/Frameworks",
					"@loader_path/Frameworks",
				);
				PRODUCT_BUNDLE_IDENTIFIER = "com.example.-09598048-Midterm-HomeworkTests";
				PRODUCT_NAME = "$(TARGET_NAME)";
				SWIFT_VERSION = 5.0;
				TARGETED_DEVICE_FAMILY = "1,2";
				TEST_HOST = "$(BUILT_PRODUCTS_DIR)/109598048_Midterm_Homework.app/109598048_Midterm_Homework";
			};
			name = Release;
		};
		2F4F4527262E94F10061AC9F /* Debug */ = {
			isa = XCBuildConfiguration;
			buildSettings = {
				ALWAYS_EMBED_SWIFT_STANDARD_LIBRARIES = YES;
				CODE_SIGN_STYLE = Automatic;
				INFOPLIST_FILE = 109598048_Midterm_HomeworkUITests/Info.plist;
				LD_RUNPATH_SEARCH_PATHS = (
					"$(inherited)",
					"@executable_path/Frameworks",
					"@loader_path/Frameworks",
				);
				PRODUCT_BUNDLE_IDENTIFIER = "com.example.-09598048-Midterm-HomeworkUITests";
				PRODUCT_NAME = "$(TARGET_NAME)";
				SWIFT_VERSION = 5.0;
				TARGETED_DEVICE_FAMILY = "1,2";
				TEST_TARGET_NAME = 109598048_Midterm_Homework;
			};
			name = Debug;
		};
		2F4F4528262E94F10061AC9F /* Release */ = {
			isa = XCBuildConfiguration;
			buildSettings = {
				ALWAYS_EMBED_SWIFT_STANDARD_LIBRARIES = YES;
				CODE_SIGN_STYLE = Automatic;
				INFOPLIST_FILE = 109598048_Midterm_HomeworkUITests/Info.plist;
				LD_RUNPATH_SEARCH_PATHS = (
					"$(inherited)",
					"@executable_path/Frameworks",
					"@loader_path/Frameworks",
				);
				PRODUCT_BUNDLE_IDENTIFIER = "com.example.-09598048-Midterm-HomeworkUITests";
				PRODUCT_NAME = "$(TARGET_NAME)";
				SWIFT_VERSION = 5.0;
				TARGETED_DEVICE_FAMILY = "1,2";
				TEST_TARGET_NAME = 109598048_Midterm_Homework;
			};
			name = Release;
		};
/* End XCBuildConfiguration section */

/* Begin XCConfigurationList section */
		2F4F44F1262E94EF0061AC9F /* Build configuration list for PBXProject "109598048_Midterm_Homework" */ = {
			isa = XCConfigurationList;
			buildConfigurations = (
				2F4F451E262E94F10061AC9F /* Debug */,
				2F4F451F262E94F10061AC9F /* Release */,
			);
			defaultConfigurationIsVisible = 0;
			defaultConfigurationName = Release;
		};
		2F4F4520262E94F10061AC9F /* Build configuration list for PBXNativeTarget "109598048_Midterm_Homework" */ = {
			isa = XCConfigurationList;
			buildConfigurations = (
				2F4F4521262E94F10061AC9F /* Debug */,
				2F4F4522262E94F10061AC9F /* Release */,
			);
			defaultConfigurationIsVisible = 0;
			defaultConfigurationName = Release;
		};
		2F4F4523262E94F10061AC9F /* Build configuration list for PBXNativeTarget "109598048_Midterm_HomeworkTests" */ = {
			isa = XCConfigurationList;
			buildConfigurations = (
				2F4F4524262E94F10061AC9F /* Debug */,
				2F4F4525262E94F10061AC9F /* Release */,
			);
			defaultConfigurationIsVisible = 0;
			defaultConfigurationName = Release;
		};
		2F4F4526262E94F10061AC9F /* Build configuration list for PBXNativeTarget "109598048_Midterm_HomeworkUITests" */ = {
			isa = XCConfigurationList;
			buildConfigurations = (
				2F4F4527262E94F10061AC9F /* Debug */,
				2F4F4528262E94F10061AC9F /* Release */,
			);
			defaultConfigurationIsVisible = 0;
			defaultConfigurationName = Release;
		};
/* End XCConfigurationList section */
	};
	rootObject = 2F4F44EE262E94EF0061AC9F /* Project object */;
}
